
Microsoft Visual Studio Solution File, Format Version 12.00
# Visual Studio Version 17
VisualStudioVersion = 17.13.35931.197 d17.13
MinimumVisualStudioVersion = 10.0.40219.1
Project("{FAE04EC0-301F-11D3-BF4B-00C04F79EFBC}") = "Kutip", "Kutip.csproj", "{22789986-6CFE-468E-9EE9-E59438B77941}"
EndProject
Global
	GlobalSection(SolutionConfigurationPlatforms) = preSolution
		Debug|Any CPU = Debug|Any CPU
		Release|Any CPU = Release|Any CPU
	EndGlobalSection
	GlobalSection(ProjectConfigurationPlatforms) = postSolution
		{22789986-6CFE-468E-9EE9-E59438B77941}.Debug|Any CPU.ActiveCfg = Debug|Any CPU
		{22789986-6CFE-468E-9EE9-E59438B77941}.Debug|Any CPU.Build.0 = Debug|Any CPU
		{22789986-6CFE-468E-9EE9-E59438B77941}.Release|Any CPU.ActiveCfg = Release|Any CPU
		{22789986-6CFE-468E-9EE9-E59438B77941}.Release|Any CPU.Build.0 = Release|Any CPU
	EndGlobalSection
	GlobalSection(SolutionProperties) = preSolution
		HideSolutionNode = FALSE
	EndGlobalSection
	GlobalSection(ExtensibilityGlobals) = postSolution
		SolutionGuid = {59824586-22C5-4808-8EB1-07C87D488813}
	EndGlobalSection
EndGlobal
